
Microsoft Visual Studio Solution File, Format Version 12.00
Project("{FAE04EC0-301F-11D3-BF4B-00C04F79EFBC}") = "Core.API", "Core.API\Core.API.csproj", "{443D4F9B-49E0-4F72-9F9A-6587E671AEEA}"
EndProject
Project("{FAE04EC0-301F-11D3-BF4B-00C04F79EFBC}") = "Core.Domain", "Core.Domain\Core.Domain.csproj", "{7DEDE66F-4917-4993-B51C-4840D0109C2C}"
EndProject
Project("{FAE04EC0-301F-11D3-BF4B-00C04F79EFBC}") = "Core.Repository", "Core.Repository\Core.Repository.csproj", "{0C710CCC-A8A9-414A-A49C-B7FD3B572BC4}"
EndProject
Project("{FAE04EC0-301F-11D3-BF4B-00C04F79EFBC}") = "Core.Infrastructure", "Core.Infrastructure\Core.Infrastructure.csproj", "{65DB311F-EB83-4C97-85C8-007340F2DFD2}"
EndProject
Project("{FAE04EC0-301F-11D3-BF4B-00C04F79EFBC}") = "Core.Service", "Core.Service\Core.Service.csproj", "{59FB4903-2B3E-4803-8B4E-3643ED8C4218}"
EndProject
Project("{FAE04EC0-301F-11D3-BF4B-00C04F79EFBC}") = "Core.DTO", "Core.DTO\Core.DTO.csproj", "{A2BC233F-75BF-409D-A41F-B238F44C0CB8}"
EndProject
Project("{FAE04EC0-301F-11D3-BF4B-00C04F79EFBC}") = "Core.Exceptions", "Core.Exceptions\Core.Exceptions.csproj", "{E290F925-D7CE-4AAF-A450-0A5C1C38C06D}"
EndProject
Global
	GlobalSection(SolutionConfigurationPlatforms) = preSolution
		Debug|Any CPU = Debug|Any CPU
		Release|Any CPU = Release|Any CPU
	EndGlobalSection
	GlobalSection(ProjectConfigurationPlatforms) = postSolution
		{443D4F9B-49E0-4F72-9F9A-6587E671AEEA}.Debug|Any CPU.ActiveCfg = Debug|Any CPU
		{443D4F9B-49E0-4F72-9F9A-6587E671AEEA}.Debug|Any CPU.Build.0 = Debug|Any CPU
		{443D4F9B-49E0-4F72-9F9A-6587E671AEEA}.Release|Any CPU.ActiveCfg = Release|Any CPU
		{443D4F9B-49E0-4F72-9F9A-6587E671AEEA}.Release|Any CPU.Build.0 = Release|Any CPU
		{7DEDE66F-4917-4993-B51C-4840D0109C2C}.Debug|Any CPU.ActiveCfg = Debug|Any CPU
		{7DEDE66F-4917-4993-B51C-4840D0109C2C}.Debug|Any CPU.Build.0 = Debug|Any CPU
		{7DEDE66F-4917-4993-B51C-4840D0109C2C}.Release|Any CPU.ActiveCfg = Release|Any CPU
		{7DEDE66F-4917-4993-B51C-4840D0109C2C}.Release|Any CPU.Build.0 = Release|Any CPU
		{0C710CCC-A8A9-414A-A49C-B7FD3B572BC4}.Debug|Any CPU.ActiveCfg = Debug|Any CPU
		{0C710CCC-A8A9-414A-A49C-B7FD3B572BC4}.Debug|Any CPU.Build.0 = Debug|Any CPU
		{0C710CCC-A8A9-414A-A49C-B7FD3B572BC4}.Release|Any CPU.ActiveCfg = Release|Any CPU
		{0C710CCC-A8A9-414A-A49C-B7FD3B572BC4}.Release|Any CPU.Build.0 = Release|Any CPU
		{65DB311F-EB83-4C97-85C8-007340F2DFD2}.Debug|Any CPU.ActiveCfg = Debug|Any CPU
		{65DB311F-EB83-4C97-85C8-007340F2DFD2}.Debug|Any CPU.Build.0 = Debug|Any CPU
		{65DB311F-EB83-4C97-85C8-007340F2DFD2}.Release|Any CPU.ActiveCfg = Release|Any CPU
		{65DB311F-EB83-4C97-85C8-007340F2DFD2}.Release|Any CPU.Build.0 = Release|Any CPU
		{59FB4903-2B3E-4803-8B4E-3643ED8C4218}.Debug|Any CPU.ActiveCfg = Debug|Any CPU
		{59FB4903-2B3E-4803-8B4E-3643ED8C4218}.Debug|Any CPU.Build.0 = Debug|Any CPU
		{59FB4903-2B3E-4803-8B4E-3643ED8C4218}.Release|Any CPU.ActiveCfg = Release|Any CPU
		{59FB4903-2B3E-4803-8B4E-3643ED8C4218}.Release|Any CPU.Build.0 = Release|Any CPU
		{A2BC233F-75BF-409D-A41F-B238F44C0CB8}.Debug|Any CPU.ActiveCfg = Debug|Any CPU
		{A2BC233F-75BF-409D-A41F-B238F44C0CB8}.Debug|Any CPU.Build.0 = Debug|Any CPU
		{A2BC233F-75BF-409D-A41F-B238F44C0CB8}.Release|Any CPU.ActiveCfg = Release|Any CPU
		{A2BC233F-75BF-409D-A41F-B238F44C0CB8}.Release|Any CPU.Build.0 = Release|Any CPU
		{E290F925-D7CE-4AAF-A450-0A5C1C38C06D}.Debug|Any CPU.ActiveCfg = Debug|Any CPU
		{E290F925-D7CE-4AAF-A450-0A5C1C38C06D}.Debug|Any CPU.Build.0 = Debug|Any CPU
		{E290F925-D7CE-4AAF-A450-0A5C1C38C06D}.Release|Any CPU.ActiveCfg = Release|Any CPU
		{E290F925-D7CE-4AAF-A450-0A5C1C38C06D}.Release|Any CPU.Build.0 = Release|Any CPU
	EndGlobalSection
EndGlobal
